
Microsoft Visual Studio Solution File, Format Version 12.00
# Visual Studio Version 17
VisualStudioVersion = 17.3.32825.248
MinimumVisualStudioVersion = 10.0.40219.1
Project("{FAE04EC0-301F-11D3-BF4B-00C04F79EFBC}") = "ivan4.2", "ivan4.2\ivan4.2.csproj", "{433D1148-670A-486B-9AB2-31D3D9FFAE0A}"
EndProject
Global
	GlobalSection(SolutionConfigurationPlatforms) = preSolution
		Debug|Any CPU = Debug|Any CPU
		Release|Any CPU = Release|Any CPU
	EndGlobalSection
	GlobalSection(ProjectConfigurationPlatforms) = postSolution
		{433D1148-670A-486B-9AB2-31D3D9FFAE0A}.Debug|Any CPU.ActiveCfg = Debug|Any CPU
		{433D1148-670A-486B-9AB2-31D3D9FFAE0A}.Debug|Any CPU.Build.0 = Debug|Any CPU
		{433D1148-670A-486B-9AB2-31D3D9FFAE0A}.Release|Any CPU.ActiveCfg = Release|Any CPU
		{433D1148-670A-486B-9AB2-31D3D9FFAE0A}.Release|Any CPU.Build.0 = Release|Any CPU
	EndGlobalSection
	GlobalSection(SolutionProperties) = preSolution
		HideSolutionNode = FALSE
	EndGlobalSection
	GlobalSection(ExtensibilityGlobals) = postSolution
		SolutionGuid = {2A8514F2-586E-4CF9-8429-FCB0431D6D99}
	EndGlobalSection
EndGlobal
